[0m[1mmodule.nat_gateway.azurerm_subnet_nat_gateway_association.nat_gateway_public_subnet_association: Refreshing state... [id=/subscriptions/7d1e3999-6577-4cd5-b296-f518e5c8e677/resourceGroups/prime-data-hub-test/providers/Microsoft.Network/virtualNetworks/pdhtest-vnet/subnets/public][0m
[0m[1mmodule.nat_gateway.azurerm_nat_gateway.nat_gateway: Refreshing state... [id=/subscriptions/7d1e3999-6577-4cd5-b296-f518e5c8e677/resourceGroups/prime-data-hub-test/providers/Microsoft.Network/natGateways/pdhtest-natgateway][0m
[0m[1mmodule.app_service_plan.azurerm_app_service_plan.service_plan: Refreshing state... [id=/subscriptions/7d1e3999-6577-4cd5-b296-f518e5c8e677/resourceGroups/prime-data-hub-test/providers/Microsoft.Web/serverfarms/pdhtest-serviceplan][0m
[0m[1mmodule.network.azurerm_network_security_group.vnet_nsg_private["West-vnet"]: Refreshing state... [id=/subscriptions/7d1e3999-6577-4cd5-b296-f518e5c8e677/resourceGroups/prime-data-hub-test/providers/Microsoft.Network/networkSecurityGroups/pdhtest-westus-nsg.private][0m
[0m[1mmodule.network.azurerm_network_security_group.vnet_nsg_private["vnet"]: Refreshing state... [id=/subscriptions/7d1e3999-6577-4cd5-b296-f518e5c8e677/resourceGroups/prime-data-hub-test/providers/Microsoft.Network/networkSecurityGroups/pdhtest-nsg.private][0m
[0m[1mmodule.network.azurerm_network_security_group.vnet_nsg_private["East-vnet"]: Refreshing state... [id=/subscriptions/7d1e3999-6577-4cd5-b296-f518e5c8e677/resourceGroups/prime-data-hub-test/providers/Microsoft.Network/networkSecurityGroups/pdhtest-eastus-nsg.private][0m
[0m[1mmodule.network.azurerm_network_security_group.vnet_nsg_public["West-vnet"]: Refreshing state... [id=/subscriptions/7d1e3999-6577-4cd5-b296-f518e5c8e677/resourceGroups/prime-data-hub-test/providers/Microsoft.Network/networkSecurityGroups/pdhtest-westus-nsg.public][0m
[0m[1mmodule.network.azurerm_network_security_group.vnet_nsg_public["East-vnet"]: Refreshing state... [id=/subscriptions/7d1e3999-6577-4cd5-b296-f518e5c8e677/resourceGroups/prime-data-hub-test/providers/Microsoft.Network/networkSecurityGroups/pdhtest-eastus-nsg.public][0m
[0m[1mmodule.network.azurerm_network_security_group.vnet_nsg_public["vnet"]: Refreshing state... [id=/subscriptions/7d1e3999-6577-4cd5-b296-f518e5c8e677/resourceGroups/prime-data-hub-test/providers/Microsoft.Network/networkSecurityGroups/pdhtest-nsg.public][0m
[0m[1mmodule.container_registry.azurerm_container_registry.container_registry: Refreshing state... [id=/subscriptions/7d1e3999-6577-4cd5-b296-f518e5c8e677/resourceGroups/prime-data-hub-test/providers/Microsoft.ContainerRegistry/registries/pdhtestcontainerregistry][0m
[0m[1mmodule.network.azurerm_subnet.private_subnet["East-vnet"]: Refreshing state... [id=/subscriptions/7d1e3999-6577-4cd5-b296-f518e5c8e677/resourceGroups/prime-data-hub-test/providers/Microsoft.Network/virtualNetworks/pdhtest-East-vnet/subnets/private][0m
[0m[1mmodule.network.azurerm_subnet.private_subnet["West-vnet"]: Refreshing state... [id=/subscriptions/7d1e3999-6577-4cd5-b296-f518e5c8e677/resourceGroups/prime-data-hub-test/providers/Microsoft.Network/virtualNetworks/pdhtest-West-vnet/subnets/private][0m
[0m[1mmodule.network.azurerm_subnet.private_subnet["vnet-peer"]: Refreshing state... [id=/subscriptions/7d1e3999-6577-4cd5-b296-f518e5c8e677/resourceGroups/prime-data-hub-test/providers/Microsoft.Network/virtualNetworks/pdhtest-vnet-peer/subnets/private][0m
[0m[1mmodule.network.azurerm_subnet.private_subnet["vnet"]: Refreshing state... [id=/subscriptions/7d1e3999-6577-4cd5-b296-f518e5c8e677/resourceGroups/prime-data-hub-test/providers/Microsoft.Network/virtualNetworks/pdhtest-vnet/subnets/private][0m
[0m[1mmodule.network.azurerm_subnet.container_subnet["West-vnet"]: Refreshing state... [id=/subscriptions/7d1e3999-6577-4cd5-b296-f518e5c8e677/resourceGroups/prime-data-hub-test/providers/Microsoft.Network/virtualNetworks/pdhtest-West-vnet/subnets/container][0m
[0m[1mmodule.network.azurerm_subnet.container_subnet["vnet"]: Refreshing state... [id=/subscriptions/7d1e3999-6577-4cd5-b296-f518e5c8e677/resourceGroups/prime-data-hub-test/providers/Microsoft.Network/virtualNetworks/pdhtest-vnet/subnets/container][0m
[0m[1mmodule.network.azurerm_subnet.container_subnet["East-vnet"]: Refreshing state... [id=/subscriptions/7d1e3999-6577-4cd5-b296-f518e5c8e677/resourceGroups/prime-data-hub-test/providers/Microsoft.Network/virtualNetworks/pdhtest-East-vnet/subnets/container][0m
[0m[1mmodule.log_analytics_workspace.azurerm_log_analytics_workspace.law: Refreshing state... [id=/subscriptions/7d1e3999-6577-4cd5-b296-f518e5c8e677/resourceGroups/prime-data-hub-test/providers/Microsoft.OperationalInsights/workspaces/pdhtest-law][0m
[0m[1mmodule.network.azurerm_subnet.endpoint_subnet["East-vnet"]: Refreshing state... [id=/subscriptions/7d1e3999-6577-4cd5-b296-f518e5c8e677/resourceGroups/prime-data-hub-test/providers/Microsoft.Network/virtualNetworks/pdhtest-East-vnet/subnets/endpoint][0m
[0m[1mmodule.network.azurerm_subnet.endpoint_subnet["vnet-peer"]: Refreshing state... [id=/subscriptions/7d1e3999-6577-4cd5-b296-f518e5c8e677/resourceGroups/prime-data-hub-test/providers/Microsoft.Network/virtualNetworks/pdhtest-vnet-peer/subnets/endpoint][0m
[0m[1mmodule.network.azurerm_subnet.endpoint_subnet["vnet"]: Refreshing state... [id=/subscriptions/7d1e3999-6577-4cd5-b296-f518e5c8e677/resourceGroups/prime-data-hub-test/providers/Microsoft.Network/virtualNetworks/pdhtest-vnet/subnets/endpoint][0m
[0m[1mmodule.network.azurerm_subnet.endpoint_subnet["West-vnet"]: Refreshing state... [id=/subscriptions/7d1e3999-6577-4cd5-b296-f518e5c8e677/resourceGroups/prime-data-hub-test/providers/Microsoft.Network/virtualNetworks/pdhtest-West-vnet/subnets/endpoint][0m
[0m[1mmodule.network.azurerm_subnet.public_subnet["West-vnet"]: Refreshing state... [id=/subscriptions/7d1e3999-6577-4cd5-b296-f518e5c8e677/resourceGroups/prime-data-hub-test/providers/Microsoft.Network/virtualNetworks/pdhtest-West-vnet/subnets/public][0m
[0m[1mmodule.network.azurerm_subnet.public_subnet["vnet"]: Refreshing state... [id=/subscriptions/7d1e3999-6577-4cd5-b296-f518e5c8e677/resourceGroups/prime-data-hub-test/providers/Microsoft.Network/virtualNetworks/pdhtest-vnet/subnets/public][0m
[0m[1mmodule.network.azurerm_subnet.public_subnet["East-vnet"]: Refreshing state... [id=/subscriptions/7d1e3999-6577-4cd5-b296-f518e5c8e677/resourceGroups/prime-data-hub-test/providers/Microsoft.Network/virtualNetworks/pdhtest-East-vnet/subnets/public][0m
[0m[1mmodule.vnet.azurerm_virtual_network.azure_vns["vnet"]: Refreshing state... [id=/subscriptions/7d1e3999-6577-4cd5-b296-f518e5c8e677/resourceGroups/prime-data-hub-test/providers/Microsoft.Network/virtualNetworks/pdhtest-vnet][0m
[0m[1mmodule.vnet.azurerm_virtual_network.azure_vns["East-vnet"]: Refreshing state... [id=/subscriptions/7d1e3999-6577-4cd5-b296-f518e5c8e677/resourceGroups/prime-data-hub-test/providers/Microsoft.Network/virtualNetworks/pdhtest-East-vnet][0m
[0m[1mmodule.vnet.azurerm_virtual_network.azure_vns["West-vnet"]: Refreshing state... [id=/subscriptions/7d1e3999-6577-4cd5-b296-f518e5c8e677/resourceGroups/prime-data-hub-test/providers/Microsoft.Network/virtualNetworks/pdhtest-West-vnet][0m
[0m[1mmodule.vnet.azurerm_virtual_network.azure_vns["vnet-peer"]: Refreshing state... [id=/subscriptions/7d1e3999-6577-4cd5-b296-f518e5c8e677/resourceGroups/prime-data-hub-test/providers/Microsoft.Network/virtualNetworks/pdhtest-vnet-peer][0m
[0m[1mmodule.network.azurerm_subnet_network_security_group_association.private_to_nsg_private["West-vnet"]: Refreshing state... [id=/subscriptions/7d1e3999-6577-4cd5-b296-f518e5c8e677/resourceGroups/prime-data-hub-test/providers/Microsoft.Network/virtualNetworks/pdhtest-West-vnet/subnets/private][0m
[0m[1mmodule.network.azurerm_subnet_network_security_group_association.private_to_nsg_private["vnet"]: Refreshing state... [id=/subscriptions/7d1e3999-6577-4cd5-b296-f518e5c8e677/resourceGroups/prime-data-hub-test/providers/Microsoft.Network/virtualNetworks/pdhtest-vnet/subnets/private][0m
[0m[1mmodule.network.azurerm_subnet_network_security_group_association.private_to_nsg_private["East-vnet"]: Refreshing state... [id=/subscriptions/7d1e3999-6577-4cd5-b296-f518e5c8e677/resourceGroups/prime-data-hub-test/providers/Microsoft.Network/virtualNetworks/pdhtest-East-vnet/subnets/private][0m
[0m[1mmodule.network.azurerm_subnet_network_security_group_association.container_to_nsg_public["vnet"]: Refreshing state... [id=/subscriptions/7d1e3999-6577-4cd5-b296-f518e5c8e677/resourceGroups/prime-data-hub-test/providers/Microsoft.Network/virtualNetworks/pdhtest-vnet/subnets/container][0m
[0m[1mmodule.network.azurerm_subnet_network_security_group_association.container_to_nsg_public["East-vnet"]: Refreshing state... [id=/subscriptions/7d1e3999-6577-4cd5-b296-f518e5c8e677/resourceGroups/prime-data-hub-test/providers/Microsoft.Network/virtualNetworks/pdhtest-East-vnet/subnets/container][0m
[0m[1mmodule.network.azurerm_subnet_network_security_group_association.container_to_nsg_public["West-vnet"]: Refreshing state... [id=/subscriptions/7d1e3999-6577-4cd5-b296-f518e5c8e677/resourceGroups/prime-data-hub-test/providers/Microsoft.Network/virtualNetworks/pdhtest-West-vnet/subnets/container][0m
[0m[1mmodule.network.azurerm_subnet_network_security_group_association.public_to_nsg_public["vnet"]: Refreshing state... [id=/subscriptions/7d1e3999-6577-4cd5-b296-f518e5c8e677/resourceGroups/prime-data-hub-test/providers/Microsoft.Network/virtualNetworks/pdhtest-vnet/subnets/public][0m
[0m[1mmodule.network.azurerm_subnet_network_security_group_association.public_to_nsg_public["East-vnet"]: Refreshing state... [id=/subscriptions/7d1e3999-6577-4cd5-b296-f518e5c8e677/resourceGroups/prime-data-hub-test/providers/Microsoft.Network/virtualNetworks/pdhtest-East-vnet/subnets/public][0m
[0m[1mmodule.network.azurerm_subnet_network_security_group_association.public_to_nsg_public["West-vnet"]: Refreshing state... [id=/subscriptions/7d1e3999-6577-4cd5-b296-f518e5c8e677/resourceGroups/prime-data-hub-test/providers/Microsoft.Network/virtualNetworks/pdhtest-West-vnet/subnets/public][0m
[0m[1mmodule.key_vault.azurerm_key_vault.client_config: Refreshing state... [id=/subscriptions/7d1e3999-6577-4cd5-b296-f518e5c8e677/resourceGroups/prime-data-hub-test/providers/Microsoft.KeyVault/vaults/pdhtest-clientconfig][0m
[0m[1mmodule.key_vault.azurerm_key_vault.app_config: Refreshing state... [id=/subscriptions/7d1e3999-6577-4cd5-b296-f518e5c8e677/resourceGroups/prime-data-hub-test/providers/Microsoft.KeyVault/vaults/pdhtest-appconfig][0m
[0m[1mmodule.key_vault.azurerm_key_vault.application: Refreshing state... [id=/subscriptions/7d1e3999-6577-4cd5-b296-f518e5c8e677/resourceGroups/prime-data-hub-test/providers/Microsoft.KeyVault/vaults/pdhtest-keyvault][0m
[0m[1mmodule.application_insights.azurerm_application_insights.app_insights: Refreshing state... [id=/subscriptions/7d1e3999-6577-4cd5-b296-f518e5c8e677/resourceGroups/prime-data-hub-test/providers/Microsoft.Insights/components/pdhtest-appinsights][0m
[0m[1mmodule.log_analytics_workspace.azurerm_monitor_diagnostic_setting.diagnostics["service_plan"]: Refreshing state... [id=/subscriptions/7d1e3999-6577-4cd5-b296-f518e5c8e677/resourceGroups/prime-data-hub-test/providers/Microsoft.Web/serverfarms/pdhtest-serviceplan|pdhtest-service_plan-diag][0m
[0m[1mmodule.log_analytics_workspace.azurerm_monitor_diagnostic_setting.diagnostics["client_config_key_vault"]: Refreshing state... [id=/subscriptions/7d1e3999-6577-4cd5-b296-f518e5c8e677/resourceGroups/prime-data-hub-test/providers/Microsoft.KeyVault/vaults/pdhtest-clientconfig|pdhtest-client_config_key_vault-diag][0m
[0m[1mmodule.log_analytics_workspace.azurerm_monitor_diagnostic_setting.diagnostics["postgres_server"]: Refreshing state... [id=/subscriptions/7d1e3999-6577-4cd5-b296-f518e5c8e677/resourceGroups/prime-data-hub-test/providers/Microsoft.DBforPostgreSQL/servers/pdhtest-pgsql|pdhtest-postgres_server-diag][0m
[0m[1mmodule.log_analytics_workspace.azurerm_monitor_diagnostic_setting.diagnostics["front_door"]: Refreshing state... [id=/subscriptions/7d1e3999-6577-4cd5-b296-f518e5c8e677/resourceGroups/prime-data-hub-test/providers/Microsoft.Network/frontdoors/prime-data-hub-test|pdhtest-front_door-diag][0m
[0m[1mmodule.log_analytics_workspace.azurerm_monitor_diagnostic_setting.diagnostics["function_app"]: Refreshing state... [id=/subscriptions/7d1e3999-6577-4cd5-b296-f518e5c8e677/resourceGroups/prime-data-hub-test/providers/Microsoft.Web/sites/pdhtest-functionapp|pdhtest-function_app-diag][0m
[0m[1mmodule.log_analytics_workspace.azurerm_monitor_diagnostic_setting.diagnostics["west_vnet"]: Refreshing state... [id=/subscriptions/7d1e3999-6577-4cd5-b296-f518e5c8e677/resourceGroups/prime-data-hub-test/providers/Microsoft.Network/virtualNetworks/pdhtest-West-vnet|pdhtest-west_vnet-diag][0m
[0m[1mmodule.log_analytics_workspace.azurerm_monitor_diagnostic_setting.diagnostics["storage_partner"]: Refreshing state... [id=/subscriptions/7d1e3999-6577-4cd5-b296-f518e5c8e677/resourceGroups/prime-data-hub-test/providers/Microsoft.Storage/storageAccounts/pdhtestpartner|pdhtest-storage_partner-diag][0m
[0m[1mmodule.log_analytics_workspace.azurerm_monitor_diagnostic_setting.diagnostics["east_vnet"]: Refreshing state... [id=/subscriptions/7d1e3999-6577-4cd5-b296-f518e5c8e677/resourceGroups/prime-data-hub-test/providers/Microsoft.Network/virtualNetworks/pdhtest-East-vnet|pdhtest-east_vnet-diag][0m
[0m[1mmodule.log_analytics_workspace.azurerm_monitor_diagnostic_setting.diagnostics["storage_public"]: Refreshing state... [id=/subscriptions/7d1e3999-6577-4cd5-b296-f518e5c8e677/resourceGroups/prime-data-hub-test/providers/Microsoft.Storage/storageAccounts/pdhtestpublic|pdhtest-storage_public-diag][0m
[0m[1mmodule.log_analytics_workspace.azurerm_monitor_diagnostic_setting.diagnostics["app_config_key_vault"]: Refreshing state... [id=/subscriptions/7d1e3999-6577-4cd5-b296-f518e5c8e677/resourceGroups/prime-data-hub-test/providers/Microsoft.KeyVault/vaults/pdhtest-appconfig|pdhtest-app_config_key_vault-diag][0m
[0m[1mmodule.log_analytics_workspace.azurerm_monitor_diagnostic_setting.diagnostics["storage_account"]: Refreshing state... [id=/subscriptions/7d1e3999-6577-4cd5-b296-f518e5c8e677/resourceGroups/prime-data-hub-test/providers/Microsoft.Storage/storageAccounts/pdhteststorageaccount|pdhtest-storage_account-diag][0m
[0m[1mmodule.log_analytics_workspace.azurerm_monitor_diagnostic_setting.diagnostics["application_key_vault"]: Refreshing state... [id=/subscriptions/7d1e3999-6577-4cd5-b296-f518e5c8e677/resourceGroups/prime-data-hub-test/providers/Microsoft.KeyVault/vaults/pdhtest-keyvault|pdhtest-application_key_vault-diag][0m
[0m[1mmodule.log_analytics_workspace.azurerm_monitor_diagnostic_setting.diagnostics["container_registry"]: Refreshing state... [id=/subscriptions/7d1e3999-6577-4cd5-b296-f518e5c8e677/resourceGroups/prime-data-hub-test/providers/Microsoft.ContainerRegistry/registries/pdhtestcontainerregistry|pdhtest-container_registry-diag][0m
[0m[1mmodule.key_vault.azurerm_key_vault_access_policy.terraform_app_config_access_policy[0]: Refreshing state... [id=/subscriptions/7d1e3999-6577-4cd5-b296-f518e5c8e677/resourceGroups/prime-data-hub-test/providers/Microsoft.KeyVault/vaults/pdhtest-appconfig/objectId/4d81288c-27a3-4df8-b776-c9da8e688bc7][0m
[0m[1mmodule.key_vault.azurerm_key_vault_access_policy.dev_app_config_access_policy: Refreshing state... [id=/subscriptions/7d1e3999-6577-4cd5-b296-f518e5c8e677/resourceGroups/prime-data-hub-test/providers/Microsoft.KeyVault/vaults/pdhtest-appconfig/objectId/3c17896c-ff94-4298-a719-aaac248aa2c8][0m
[0m[1mmodule.key_vault.azurerm_key_vault_access_policy.terraform_access_policy[0]: Refreshing state... [id=/subscriptions/7d1e3999-6577-4cd5-b296-f518e5c8e677/resourceGroups/prime-data-hub-test/providers/Microsoft.KeyVault/vaults/pdhtest-keyvault/objectId/4d81288c-27a3-4df8-b776-c9da8e688bc7][0m
[0m[1mmodule.key_vault.azurerm_key_vault_access_policy.dev_client_config_access_policy: Refreshing state... [id=/subscriptions/7d1e3999-6577-4cd5-b296-f518e5c8e677/resourceGroups/prime-data-hub-test/providers/Microsoft.KeyVault/vaults/pdhtest-clientconfig/objectId/3c17896c-ff94-4298-a719-aaac248aa2c8][0m
[0m
[1m[36mNote:[0m[1m Objects have changed outside of Terraform[0m

[0mTerraform detected the following changes made outside of Terraform since the
last "terraform apply":

[1m  # module.key_vault.azurerm_key_vault.app_config[0m has been changed[0m[0m
[0m  [33m~[0m[0m resource "azurerm_key_vault" "app_config" {
        [1m[0mid[0m[0m                              = "/subscriptions/7d1e3999-6577-4cd5-b296-f518e5c8e677/resourceGroups/prime-data-hub-test/providers/Microsoft.KeyVault/vaults/pdhtest-appconfig"
        [1m[0mname[0m[0m                            = "pdhtest-appconfig"
        [1m[0mtags[0m[0m                            = {
            "environment" = "test"
        }
        [90m# (13 unchanged attributes hidden)[0m[0m

      [33m~[0m [0mnetwork_acls {
          [33m~[0m [0m[1m[0mip_rules[0m[0m                   = [
              [32m+[0m [0m"162.224.209.174/32",
              [32m+[0m [0m"75.191.122.59/32",
                [90m# (2 unchanged elements hidden)[0m[0m
            ]
            [90m# (3 unchanged attributes hidden)[0m[0m
        }

        [90m# (1 unchanged block hidden)[0m[0m
    }
[1m  # module.key_vault.azurerm_key_vault.application[0m has been changed[0m[0m
[0m  [33m~[0m[0m resource "azurerm_key_vault" "application" {
        [1m[0mid[0m[0m                              = "/subscriptions/7d1e3999-6577-4cd5-b296-f518e5c8e677/resourceGroups/prime-data-hub-test/providers/Microsoft.KeyVault/vaults/pdhtest-keyvault"
        [1m[0mname[0m[0m                            = "pdhtest-keyvault"
        [1m[0mtags[0m[0m                            = {
            "environment" = "test"
        }
        [90m# (13 unchanged attributes hidden)[0m[0m

      [33m~[0m [0mnetwork_acls {
          [33m~[0m [0m[1m[0mip_rules[0m[0m                   = [
              [32m+[0m [0m"162.224.209.174/32",
                [90m# (2 unchanged elements hidden)[0m[0m
            ]
            [90m# (3 unchanged attributes hidden)[0m[0m
        }

        [90m# (1 unchanged block hidden)[0m[0m
    }
[1m  # module.key_vault.azurerm_key_vault.client_config[0m has been changed[0m[0m
[0m  [33m~[0m[0m resource "azurerm_key_vault" "client_config" {
        [1m[0mid[0m[0m                              = "/subscriptions/7d1e3999-6577-4cd5-b296-f518e5c8e677/resourceGroups/prime-data-hub-test/providers/Microsoft.KeyVault/vaults/pdhtest-clientconfig"
        [1m[0mname[0m[0m                            = "pdhtest-clientconfig"
        [1m[0mtags[0m[0m                            = {
            "environment" = "test"
        }
        [90m# (13 unchanged attributes hidden)[0m[0m

      [33m~[0m [0mnetwork_acls {
          [33m~[0m [0m[1m[0mip_rules[0m[0m                   = [
              [32m+[0m [0m"162.224.209.174/32",
              [32m+[0m [0m"75.191.122.59/32",
                [90m# (2 unchanged elements hidden)[0m[0m
            ]
            [90m# (3 unchanged attributes hidden)[0m[0m
        }

        [90m# (1 unchanged block hidden)[0m[0m
    }

Unless you have made equivalent changes to your configuration, or ignored the
relevant attributes using ignore_changes, the following plan may include
actions to undo or respond to these changes.
[90m
─────────────────────────────────────────────────────────────────────────────[0m

Terraform used the selected providers to generate the following execution
plan. Resource actions are indicated with the following symbols:
  [32m+[0m create
  [33m~[0m update in-place
  [31m-[0m destroy
[31m-[0m/[32m+[0m destroy and then create replacement
[0m
Terraform will perform the following actions:

[1m  # module.database.azurerm_postgresql_active_directory_administrator.postgres_aad_admin[0m will be created[0m[0m
[0m  [32m+[0m[0m resource "azurerm_postgresql_active_directory_administrator" "postgres_aad_admin" {
      [32m+[0m [0m[1m[0mid[0m[0m                  = (known after apply)
      [32m+[0m [0m[1m[0mlogin[0m[0m               = "reportstream_pgsql_admin"
      [32m+[0m [0m[1m[0mobject_id[0m[0m           = "f94409a9-12b1-4820-a1b6-e3e0a4fa282d"
      [32m+[0m [0m[1m[0mresource_group_name[0m[0m = "prime-data-hub-test"
      [32m+[0m [0m[1m[0mserver_name[0m[0m         = "pdhtest-pgsql"
      [32m+[0m [0m[1m[0mtenant_id[0m[0m           = "9ce70869-60db-44fd-abe8-d2767077fc8f"
    }

[1m  # module.database.azurerm_postgresql_database.prime_data_hub_candidate_db[0m will be created[0m[0m
[0m  [32m+[0m[0m resource "azurerm_postgresql_database" "prime_data_hub_candidate_db" {
      [32m+[0m [0m[1m[0mcharset[0m[0m             = "UTF8"
      [32m+[0m [0m[1m[0mcollation[0m[0m           = "English_United States.1252"
      [32m+[0m [0m[1m[0mid[0m[0m                  = (known after apply)
      [32m+[0m [0m[1m[0mname[0m[0m                = "prime_data_hub_candidate"
      [32m+[0m [0m[1m[0mresource_group_name[0m[0m = "prime-data-hub-test"
      [32m+[0m [0m[1m[0mserver_name[0m[0m         = "pdhtest-pgsql"
    }

[1m  # module.database.azurerm_postgresql_database.prime_data_hub_db[0m will be created[0m[0m
[0m  [32m+[0m[0m resource "azurerm_postgresql_database" "prime_data_hub_db" {
      [32m+[0m [0m[1m[0mcharset[0m[0m             = "UTF8"
      [32m+[0m [0m[1m[0mcollation[0m[0m           = "English_United States.1252"
      [32m+[0m [0m[1m[0mid[0m[0m                  = (known after apply)
      [32m+[0m [0m[1m[0mname[0m[0m                = "prime_data_hub"
      [32m+[0m [0m[1m[0mresource_group_name[0m[0m = "prime-data-hub-test"
      [32m+[0m [0m[1m[0mserver_name[0m[0m         = "pdhtest-pgsql"
    }

[1m  # module.database.azurerm_postgresql_server.postgres_server[0m will be created[0m[0m
[0m  [32m+[0m[0m resource "azurerm_postgresql_server" "postgres_server" {
      [32m+[0m [0m[1m[0madministrator_login[0m[0m              = (sensitive)
      [32m+[0m [0m[1m[0madministrator_login_password[0m[0m     = (sensitive value)
      [32m+[0m [0m[1m[0mauto_grow_enabled[0m[0m                = (known after apply)
      [32m+[0m [0m[1m[0mbackup_retention_days[0m[0m            = (known after apply)
      [32m+[0m [0m[1m[0mcreate_mode[0m[0m                      = "Default"
      [32m+[0m [0m[1m[0mfqdn[0m[0m                             = (known after apply)
      [32m+[0m [0m[1m[0mgeo_redundant_backup_enabled[0m[0m     = (known after apply)
      [32m+[0m [0m[1m[0mid[0m[0m                               = (known after apply)
      [32m+[0m [0m[1m[0mlocation[0m[0m                         = "eastus"
      [32m+[0m [0m[1m[0mname[0m[0m                             = "pdhtest-pgsql"
      [32m+[0m [0m[1m[0mpublic_network_access_enabled[0m[0m    = true
      [32m+[0m [0m[1m[0mresource_group_name[0m[0m              = "prime-data-hub-test"
      [32m+[0m [0m[1m[0msku_name[0m[0m                         = "GP_Gen5_2"
      [32m+[0m [0m[1m[0mssl_enforcement[0m[0m                  = (known after apply)
      [32m+[0m [0m[1m[0mssl_enforcement_enabled[0m[0m          = true
      [32m+[0m [0m[1m[0mssl_minimal_tls_version_enforced[0m[0m = "TLSEnforcementDisabled"
      [32m+[0m [0m[1m[0mstorage_mb[0m[0m                       = 5120
      [32m+[0m [0m[1m[0mtags[0m[0m                             = {
          [32m+[0m [0m"environment" = "test"
        }
      [32m+[0m [0m[1m[0mversion[0m[0m                          = "11"

      [32m+[0m [0midentity {
          [32m+[0m [0m[1m[0mprincipal_id[0m[0m = (known after apply)
          [32m+[0m [0m[1m[0mtenant_id[0m[0m    = (known after apply)
          [32m+[0m [0m[1m[0mtype[0m[0m         = "SystemAssigned"
        }

      [32m+[0m [0mstorage_profile {
          [32m+[0m [0m[1m[0mauto_grow[0m[0m             = (known after apply)
          [32m+[0m [0m[1m[0mbackup_retention_days[0m[0m = (known after apply)
          [32m+[0m [0m[1m[0mgeo_redundant_backup[0m[0m  = (known after apply)
          [32m+[0m [0m[1m[0mstorage_mb[0m[0m            = (known after apply)
        }
    }

[1m  # module.database.azurerm_postgresql_server_key.postgres_server_key[0m will be created[0m[0m
[0m  [32m+[0m[0m resource "azurerm_postgresql_server_key" "postgres_server_key" {
      [32m+[0m [0m[1m[0mid[0m[0m               = (known after apply)
      [32m+[0m [0m[1m[0mkey_vault_key_id[0m[0m = "https://pdhtest-keyvault.vault.azure.net/keys/pdhtest-2048-key/3963564188914e3bbf85225a65d4d54f"
      [32m+[0m [0m[1m[0mserver_id[0m[0m        = (known after apply)
    }

[1m  # module.key_vault.azurerm_key_vault.app_config[0m will be updated in-place[0m[0m
[0m  [33m~[0m[0m resource "azurerm_key_vault" "app_config" {
        [1m[0mid[0m[0m                              = "/subscriptions/7d1e3999-6577-4cd5-b296-f518e5c8e677/resourceGroups/prime-data-hub-test/providers/Microsoft.KeyVault/vaults/pdhtest-appconfig"
        [1m[0mname[0m[0m                            = "pdhtest-appconfig"
        [1m[0mtags[0m[0m                            = {
            "environment" = "test"
        }
        [90m# (13 unchanged attributes hidden)[0m[0m

      [33m~[0m [0mnetwork_acls {
          # [33mWarning:[0m this attribute value will be marked as sensitive and will not
[0m          # display in UI output after applying this change.
          [33m~[0m [0m[1m[0mip_rules[0m[0m                   = (sensitive)
          [33m~[0m [0m[1m[0mvirtual_network_subnet_ids[0m[0m = [
              [32m+[0m [0m"/subscriptions/7d1e3999-6577-4cd5-b296-f518e5c8e677/resourceGroups/prime-data-hub-test/providers/Microsoft.Network/virtualNetworks/pdhtest-East-vnet/subnets/container",
              [32m+[0m [0m"/subscriptions/7d1e3999-6577-4cd5-b296-f518e5c8e677/resourceGroups/prime-data-hub-test/providers/Microsoft.Network/virtualNetworks/pdhtest-East-vnet/subnets/endpoint",
              [32m+[0m [0m"/subscriptions/7d1e3999-6577-4cd5-b296-f518e5c8e677/resourceGroups/prime-data-hub-test/providers/Microsoft.Network/virtualNetworks/pdhtest-East-vnet/subnets/public",
              [32m+[0m [0m"/subscriptions/7d1e3999-6577-4cd5-b296-f518e5c8e677/resourceGroups/prime-data-hub-test/providers/Microsoft.Network/virtualNetworks/pdhtest-West-vnet/subnets/container",
              [32m+[0m [0m"/subscriptions/7d1e3999-6577-4cd5-b296-f518e5c8e677/resourceGroups/prime-data-hub-test/providers/Microsoft.Network/virtualNetworks/pdhtest-West-vnet/subnets/endpoint",
              [32m+[0m [0m"/subscriptions/7d1e3999-6577-4cd5-b296-f518e5c8e677/resourceGroups/prime-data-hub-test/providers/Microsoft.Network/virtualNetworks/pdhtest-West-vnet/subnets/public",
              [31m-[0m [0m"/subscriptions/7d1e3999-6577-4cd5-b296-f518e5c8e677/resourceGroups/prime-data-hub-test/providers/Microsoft.Network/virtualNetworks/pdhtest-east-vnet/subnets/container",
              [31m-[0m [0m"/subscriptions/7d1e3999-6577-4cd5-b296-f518e5c8e677/resourceGroups/prime-data-hub-test/providers/Microsoft.Network/virtualNetworks/pdhtest-east-vnet/subnets/endpoint",
              [31m-[0m [0m"/subscriptions/7d1e3999-6577-4cd5-b296-f518e5c8e677/resourceGroups/prime-data-hub-test/providers/Microsoft.Network/virtualNetworks/pdhtest-east-vnet/subnets/public",
              [32m+[0m [0m"/subscriptions/7d1e3999-6577-4cd5-b296-f518e5c8e677/resourceGroups/prime-data-hub-test/providers/Microsoft.Network/virtualNetworks/pdhtest-vnet-peer/subnets/endpoint",
                [90m# (3 unchanged elements hidden)[0m[0m
            ]
            [90m# (2 unchanged attributes hidden)[0m[0m
        }

        [90m# (1 unchanged block hidden)[0m[0m
    }

[1m  # module.key_vault.azurerm_key_vault.application[0m will be updated in-place[0m[0m
[0m  [33m~[0m[0m resource "azurerm_key_vault" "application" {
        [1m[0mid[0m[0m                              = "/subscriptions/7d1e3999-6577-4cd5-b296-f518e5c8e677/resourceGroups/prime-data-hub-test/providers/Microsoft.KeyVault/vaults/pdhtest-keyvault"
        [1m[0mname[0m[0m                            = "pdhtest-keyvault"
        [1m[0mtags[0m[0m                            = {
            "environment" = "test"
        }
        [90m# (13 unchanged attributes hidden)[0m[0m

      [33m~[0m [0mnetwork_acls {
          # [33mWarning:[0m this attribute value will be marked as sensitive and will not
[0m          # display in UI output after applying this change.
          [33m~[0m [0m[1m[0mip_rules[0m[0m                   = (sensitive)
          [33m~[0m [0m[1m[0mvirtual_network_subnet_ids[0m[0m = [
              [32m+[0m [0m"/subscriptions/7d1e3999-6577-4cd5-b296-f518e5c8e677/resourceGroups/prime-data-hub-test/providers/Microsoft.Network/virtualNetworks/pdhtest-East-vnet/subnets/container",
              [32m+[0m [0m"/subscriptions/7d1e3999-6577-4cd5-b296-f518e5c8e677/resourceGroups/prime-data-hub-test/providers/Microsoft.Network/virtualNetworks/pdhtest-East-vnet/subnets/endpoint",
              [32m+[0m [0m"/subscriptions/7d1e3999-6577-4cd5-b296-f518e5c8e677/resourceGroups/prime-data-hub-test/providers/Microsoft.Network/virtualNetworks/pdhtest-East-vnet/subnets/public",
              [32m+[0m [0m"/subscriptions/7d1e3999-6577-4cd5-b296-f518e5c8e677/resourceGroups/prime-data-hub-test/providers/Microsoft.Network/virtualNetworks/pdhtest-West-vnet/subnets/container",
              [32m+[0m [0m"/subscriptions/7d1e3999-6577-4cd5-b296-f518e5c8e677/resourceGroups/prime-data-hub-test/providers/Microsoft.Network/virtualNetworks/pdhtest-West-vnet/subnets/endpoint",
              [32m+[0m [0m"/subscriptions/7d1e3999-6577-4cd5-b296-f518e5c8e677/resourceGroups/prime-data-hub-test/providers/Microsoft.Network/virtualNetworks/pdhtest-West-vnet/subnets/public",
              [31m-[0m [0m"/subscriptions/7d1e3999-6577-4cd5-b296-f518e5c8e677/resourceGroups/prime-data-hub-test/providers/Microsoft.Network/virtualNetworks/pdhtest-east-vnet/subnets/container",
              [31m-[0m [0m"/subscriptions/7d1e3999-6577-4cd5-b296-f518e5c8e677/resourceGroups/prime-data-hub-test/providers/Microsoft.Network/virtualNetworks/pdhtest-east-vnet/subnets/endpoint",
              [31m-[0m [0m"/subscriptions/7d1e3999-6577-4cd5-b296-f518e5c8e677/resourceGroups/prime-data-hub-test/providers/Microsoft.Network/virtualNetworks/pdhtest-east-vnet/subnets/public",
              [32m+[0m [0m"/subscriptions/7d1e3999-6577-4cd5-b296-f518e5c8e677/resourceGroups/prime-data-hub-test/providers/Microsoft.Network/virtualNetworks/pdhtest-vnet-peer/subnets/endpoint",
                [90m# (3 unchanged elements hidden)[0m[0m
            ]
            [90m# (2 unchanged attributes hidden)[0m[0m
        }

        [90m# (1 unchanged block hidden)[0m[0m
    }

[1m  # module.key_vault.azurerm_key_vault.client_config[0m will be updated in-place[0m[0m
[0m  [33m~[0m[0m resource "azurerm_key_vault" "client_config" {
        [1m[0mid[0m[0m                              = "/subscriptions/7d1e3999-6577-4cd5-b296-f518e5c8e677/resourceGroups/prime-data-hub-test/providers/Microsoft.KeyVault/vaults/pdhtest-clientconfig"
        [1m[0mname[0m[0m                            = "pdhtest-clientconfig"
        [1m[0mtags[0m[0m                            = {
            "environment" = "test"
        }
        [90m# (13 unchanged attributes hidden)[0m[0m

      [33m~[0m [0mnetwork_acls {
          # [33mWarning:[0m this attribute value will be marked as sensitive and will not
[0m          # display in UI output after applying this change.
          [33m~[0m [0m[1m[0mip_rules[0m[0m                   = (sensitive)
          [33m~[0m [0m[1m[0mvirtual_network_subnet_ids[0m[0m = [
              [32m+[0m [0m"/subscriptions/7d1e3999-6577-4cd5-b296-f518e5c8e677/resourceGroups/prime-data-hub-test/providers/Microsoft.Network/virtualNetworks/pdhtest-East-vnet/subnets/container",
              [32m+[0m [0m"/subscriptions/7d1e3999-6577-4cd5-b296-f518e5c8e677/resourceGroups/prime-data-hub-test/providers/Microsoft.Network/virtualNetworks/pdhtest-East-vnet/subnets/endpoint",
              [32m+[0m [0m"/subscriptions/7d1e3999-6577-4cd5-b296-f518e5c8e677/resourceGroups/prime-data-hub-test/providers/Microsoft.Network/virtualNetworks/pdhtest-East-vnet/subnets/public",
              [32m+[0m [0m"/subscriptions/7d1e3999-6577-4cd5-b296-f518e5c8e677/resourceGroups/prime-data-hub-test/providers/Microsoft.Network/virtualNetworks/pdhtest-West-vnet/subnets/container",
              [32m+[0m [0m"/subscriptions/7d1e3999-6577-4cd5-b296-f518e5c8e677/resourceGroups/prime-data-hub-test/providers/Microsoft.Network/virtualNetworks/pdhtest-West-vnet/subnets/endpoint",
              [32m+[0m [0m"/subscriptions/7d1e3999-6577-4cd5-b296-f518e5c8e677/resourceGroups/prime-data-hub-test/providers/Microsoft.Network/virtualNetworks/pdhtest-West-vnet/subnets/public",
              [31m-[0m [0m"/subscriptions/7d1e3999-6577-4cd5-b296-f518e5c8e677/resourceGroups/prime-data-hub-test/providers/Microsoft.Network/virtualNetworks/pdhtest-east-vnet/subnets/container",
              [31m-[0m [0m"/subscriptions/7d1e3999-6577-4cd5-b296-f518e5c8e677/resourceGroups/prime-data-hub-test/providers/Microsoft.Network/virtualNetworks/pdhtest-east-vnet/subnets/endpoint",
              [31m-[0m [0m"/subscriptions/7d1e3999-6577-4cd5-b296-f518e5c8e677/resourceGroups/prime-data-hub-test/providers/Microsoft.Network/virtualNetworks/pdhtest-east-vnet/subnets/public",
              [32m+[0m [0m"/subscriptions/7d1e3999-6577-4cd5-b296-f518e5c8e677/resourceGroups/prime-data-hub-test/providers/Microsoft.Network/virtualNetworks/pdhtest-vnet-peer/subnets/endpoint",
                [90m# (3 unchanged elements hidden)[0m[0m
            ]
            [90m# (2 unchanged attributes hidden)[0m[0m
        }

        [90m# (1 unchanged block hidden)[0m[0m
    }

[1m  # module.key_vault.azurerm_key_vault_access_policy.dev_app_config_access_policy[0m must be [1m[31mreplaced[0m[0m
[0m[31m-[0m/[32m+[0m[0m resource "azurerm_key_vault_access_policy" "dev_app_config_access_policy" {
      [33m~[0m [0m[1m[0mid[0m[0m                      = "/subscriptions/7d1e3999-6577-4cd5-b296-f518e5c8e677/resourceGroups/prime-data-hub-test/providers/Microsoft.KeyVault/vaults/pdhtest-appconfig/objectId/3c17896c-ff94-4298-a719-aaac248aa2c8" [33m->[0m [0m(known after apply)
      [33m~[0m [0m[1m[0mobject_id[0m[0m               = "3c17896c-ff94-4298-a719-aaac248aa2c8" [33m->[0m [0m"f94409a9-12b1-4820-a1b6-e3e0a4fa282d" [31m# forces replacement[0m[0m
      [31m-[0m [0m[1m[0mstorage_permissions[0m[0m     = [] [90m->[0m [0m[90mnull[0m[0m
        [90m# (5 unchanged attributes hidden)[0m[0m

      [31m-[0m [0mtimeouts {}
    }

[1m  # module.key_vault.azurerm_key_vault_access_policy.dev_client_config_access_policy[0m must be [1m[31mreplaced[0m[0m
[0m[31m-[0m/[32m+[0m[0m resource "azurerm_key_vault_access_policy" "dev_client_config_access_policy" {
      [33m~[0m [0m[1m[0mid[0m[0m                      = "/subscriptions/7d1e3999-6577-4cd5-b296-f518e5c8e677/resourceGroups/prime-data-hub-test/providers/Microsoft.KeyVault/vaults/pdhtest-clientconfig/objectId/3c17896c-ff94-4298-a719-aaac248aa2c8" [33m->[0m [0m(known after apply)
      [33m~[0m [0m[1m[0mobject_id[0m[0m               = "3c17896c-ff94-4298-a719-aaac248aa2c8" [33m->[0m [0m"f94409a9-12b1-4820-a1b6-e3e0a4fa282d" [31m# forces replacement[0m[0m
      [31m-[0m [0m[1m[0mstorage_permissions[0m[0m     = [] [90m->[0m [0m[90mnull[0m[0m
        [90m# (5 unchanged attributes hidden)[0m[0m

      [31m-[0m [0mtimeouts {}
    }

[1m  # module.nat_gateway.azurerm_nat_gateway.nat_gateway[0m will be [1m[31mdestroyed[0m[0m
[0m  [31m-[0m[0m resource "azurerm_nat_gateway" "nat_gateway" {
      [31m-[0m [0m[1m[0mid[0m[0m                      = "/subscriptions/7d1e3999-6577-4cd5-b296-f518e5c8e677/resourceGroups/prime-data-hub-test/providers/Microsoft.Network/natGateways/pdhtest-natgateway" [90m->[0m [0m[90mnull[0m[0m
      [31m-[0m [0m[1m[0midle_timeout_in_minutes[0m[0m = 10 [90m->[0m [0m[90mnull[0m[0m
      [31m-[0m [0m[1m[0mlocation[0m[0m                = "eastus" [90m->[0m [0m[90mnull[0m[0m
      [31m-[0m [0m[1m[0mname[0m[0m                    = "pdhtest-natgateway" [90m->[0m [0m[90mnull[0m[0m
      [31m-[0m [0m[1m[0mpublic_ip_address_ids[0m[0m   = [
          [31m-[0m [0m"/subscriptions/7d1e3999-6577-4cd5-b296-f518e5c8e677/resourceGroups/prime-data-hub-test/providers/Microsoft.Network/publicIPAddresses/pdhtest-publicip",
        ] [90m->[0m [0m[90mnull[0m[0m
      [31m-[0m [0m[1m[0mpublic_ip_prefix_ids[0m[0m    = [] [90m->[0m [0m[90mnull[0m[0m
      [31m-[0m [0m[1m[0mresource_group_name[0m[0m     = "prime-data-hub-test" [90m->[0m [0m[90mnull[0m[0m
      [31m-[0m [0m[1m[0mresource_guid[0m[0m           = "9696328d-48a3-4257-b2f3-a4afcfb540aa" [90m->[0m [0m[90mnull[0m[0m
      [31m-[0m [0m[1m[0msku_name[0m[0m                = "Standard" [90m->[0m [0m[90mnull[0m[0m
      [31m-[0m [0m[1m[0mtags[0m[0m                    = {
          [31m-[0m [0m"environment" = "test"
        } [90m->[0m [0m[90mnull[0m[0m
      [31m-[0m [0m[1m[0mzones[0m[0m                   = [] [90m->[0m [0m[90mnull[0m[0m

      [31m-[0m [0mtimeouts {}
    }

[1m  # module.nat_gateway.azurerm_subnet_nat_gateway_association.nat_gateway_public_subnet_association[0m will be [1m[31mdestroyed[0m[0m
[0m  [31m-[0m[0m resource "azurerm_subnet_nat_gateway_association" "nat_gateway_public_subnet_association" {
      [31m-[0m [0m[1m[0mid[0m[0m             = "/subscriptions/7d1e3999-6577-4cd5-b296-f518e5c8e677/resourceGroups/prime-data-hub-test/providers/Microsoft.Network/virtualNetworks/pdhtest-vnet/subnets/public" [90m->[0m [0m[90mnull[0m[0m
      [31m-[0m [0m[1m[0mnat_gateway_id[0m[0m = "/subscriptions/7d1e3999-6577-4cd5-b296-f518e5c8e677/resourceGroups/prime-data-hub-test/providers/Microsoft.Network/natGateways/pdhtest-natgateway" [90m->[0m [0m[90mnull[0m[0m
      [31m-[0m [0m[1m[0msubnet_id[0m[0m      = "/subscriptions/7d1e3999-6577-4cd5-b296-f518e5c8e677/resourceGroups/prime-data-hub-test/providers/Microsoft.Network/virtualNetworks/pdhtest-vnet/subnets/public" [90m->[0m [0m[90mnull[0m[0m

      [31m-[0m [0mtimeouts {}
    }

[1m  # module.network.azurerm_subnet.endpoint_subnet["vnet-peer"][0m will be updated in-place[0m[0m
[0m  [33m~[0m[0m resource "azurerm_subnet" "endpoint_subnet" {
        [1m[0mid[0m[0m                                             = "/subscriptions/7d1e3999-6577-4cd5-b296-f518e5c8e677/resourceGroups/prime-data-hub-test/providers/Microsoft.Network/virtualNetworks/pdhtest-vnet-peer/subnets/endpoint"
        [1m[0mname[0m[0m                                           = "endpoint"
      [33m~[0m [0m[1m[0mservice_endpoints[0m[0m                              = [
          [32m+[0m [0m"Microsoft.Storage",
          [32m+[0m [0m"Microsoft.KeyVault",
        ]
        [90m# (7 unchanged attributes hidden)[0m[0m

        [90m# (1 unchanged block hidden)[0m[0m
    }

[1m  # module.network.azurerm_subnet.private_subnet["vnet-peer"][0m will be updated in-place[0m[0m
[0m  [33m~[0m[0m resource "azurerm_subnet" "private_subnet" {
        [1m[0mid[0m[0m                                             = "/subscriptions/7d1e3999-6577-4cd5-b296-f518e5c8e677/resourceGroups/prime-data-hub-test/providers/Microsoft.Network/virtualNetworks/pdhtest-vnet-peer/subnets/private"
        [1m[0mname[0m[0m                                           = "private"
      [33m~[0m [0m[1m[0mservice_endpoints[0m[0m                              = [
          [32m+[0m [0m"Microsoft.Storage",
            "Microsoft.Sql",
          [32m+[0m [0m"Microsoft.KeyVault",
        ]
        [90m# (7 unchanged attributes hidden)[0m[0m

      [32m+[0m [0mdelegation {
          [32m+[0m [0m[1m[0mname[0m[0m = "server_farms"

          [32m+[0m [0mservice_delegation {
              [32m+[0m [0m[1m[0mactions[0m[0m = [
                  [32m+[0m [0m"Microsoft.Network/virtualNetworks/subnets/action",
                ]
              [32m+[0m [0m[1m[0mname[0m[0m    = "Microsoft.Web/serverFarms"
            }
        }

        [90m# (1 unchanged block hidden)[0m[0m
    }

[1m  # module.vnet.azurerm_virtual_network.azure_vns["East-vnet"][0m will be updated in-place[0m[0m
[0m  [33m~[0m[0m resource "azurerm_virtual_network" "azure_vns" {
        [1m[0mid[0m[0m                      = "/subscriptions/7d1e3999-6577-4cd5-b296-f518e5c8e677/resourceGroups/prime-data-hub-test/providers/Microsoft.Network/virtualNetworks/pdhtest-East-vnet"
        [1m[0mname[0m[0m                    = "pdhtest-East-vnet"
      [33m~[0m [0m[1m[0mtags[0m[0m                    = {
          [32m+[0m [0m"environment" = "test"
        }
        [90m# (8 unchanged attributes hidden)[0m[0m

        [90m# (1 unchanged block hidden)[0m[0m
    }

[1m  # module.vnet.azurerm_virtual_network.azure_vns["West-vnet"][0m will be updated in-place[0m[0m
[0m  [33m~[0m[0m resource "azurerm_virtual_network" "azure_vns" {
        [1m[0mid[0m[0m                      = "/subscriptions/7d1e3999-6577-4cd5-b296-f518e5c8e677/resourceGroups/prime-data-hub-test/providers/Microsoft.Network/virtualNetworks/pdhtest-West-vnet"
        [1m[0mname[0m[0m                    = "pdhtest-West-vnet"
      [33m~[0m [0m[1m[0mtags[0m[0m                    = {
          [32m+[0m [0m"environment" = "test"
        }
        [90m# (8 unchanged attributes hidden)[0m[0m

        [90m# (1 unchanged block hidden)[0m[0m
    }

[1m  # module.database.module.postgres_private_endpoint.azurerm_private_endpoint.endpoint[0][0m will be created[0m[0m
[0m  [32m+[0m[0m resource "azurerm_private_endpoint" "endpoint" {
      [32m+[0m [0m[1m[0mcustom_dns_configs[0m[0m       = (known after apply)
      [32m+[0m [0m[1m[0mid[0m[0m                       = (known after apply)
      [32m+[0m [0m[1m[0mlocation[0m[0m                 = "eastus"
      [32m+[0m [0m[1m[0mname[0m[0m                     = "pdhtest-pgsql-postgres_server-62a16f52a"
      [32m+[0m [0m[1m[0mnetwork_interface[0m[0m        = (known after apply)
      [32m+[0m [0m[1m[0mprivate_dns_zone_configs[0m[0m = (known after apply)
      [32m+[0m [0m[1m[0mresource_group_name[0m[0m      = "prime-data-hub-test"
      [32m+[0m [0m[1m[0msubnet_id[0m[0m                = "/subscriptions/7d1e3999-6577-4cd5-b296-f518e5c8e677/resourceGroups/prime-data-hub-test/providers/Microsoft.Network/virtualNetworks/pdhtest-East-vnet/subnets/endpoint"

      [32m+[0m [0mprivate_service_connection {
          [32m+[0m [0m[1m[0mis_manual_connection[0m[0m           = false
          [32m+[0m [0m[1m[0mname[0m[0m                           = "pdhtest-pgsql-postgres_server-62a16f52a"
          [32m+[0m [0m[1m[0mprivate_connection_resource_id[0m[0m = (known after apply)
          [32m+[0m [0m[1m[0mprivate_ip_address[0m[0m             = (known after apply)
          [32m+[0m [0m[1m[0msubresource_names[0m[0m              = [
              [32m+[0m [0m"postgresqlServer",
            ]
        }
    }

[1m  # module.database.module.postgres_private_endpoint.azurerm_private_endpoint.endpoint[1][0m will be created[0m[0m
[0m  [32m+[0m[0m resource "azurerm_private_endpoint" "endpoint" {
      [32m+[0m [0m[1m[0mcustom_dns_configs[0m[0m       = (known after apply)
      [32m+[0m [0m[1m[0mid[0m[0m                       = (known after apply)
      [32m+[0m [0m[1m[0mlocation[0m[0m                 = "eastus"
      [32m+[0m [0m[1m[0mname[0m[0m                     = "pdhtest-pgsql-postgres_server-f60f50c28"
      [32m+[0m [0m[1m[0mnetwork_interface[0m[0m        = (known after apply)
      [32m+[0m [0m[1m[0mprivate_dns_zone_configs[0m[0m = (known after apply)
      [32m+[0m [0m[1m[0mresource_group_name[0m[0m      = "prime-data-hub-test"
      [32m+[0m [0m[1m[0msubnet_id[0m[0m                = "/subscriptions/7d1e3999-6577-4cd5-b296-f518e5c8e677/resourceGroups/prime-data-hub-test/providers/Microsoft.Network/virtualNetworks/pdhtest-West-vnet/subnets/endpoint"

      [32m+[0m [0mprivate_service_connection {
          [32m+[0m [0m[1m[0mis_manual_connection[0m[0m           = false
          [32m+[0m [0m[1m[0mname[0m[0m                           = "pdhtest-pgsql-postgres_server-f60f50c28"
          [32m+[0m [0m[1m[0mprivate_connection_resource_id[0m[0m = (known after apply)
          [32m+[0m [0m[1m[0mprivate_ip_address[0m[0m             = (known after apply)
          [32m+[0m [0m[1m[0msubresource_names[0m[0m              = [
              [32m+[0m [0m"postgresqlServer",
            ]
        }
    }

[1m  # module.database.module.postgres_private_endpoint.azurerm_private_endpoint.endpoint[2][0m will be created[0m[0m
[0m  [32m+[0m[0m resource "azurerm_private_endpoint" "endpoint" {
      [32m+[0m [0m[1m[0mcustom_dns_configs[0m[0m       = (known after apply)
      [32m+[0m [0m[1m[0mid[0m[0m                       = (known after apply)
      [32m+[0m [0m[1m[0mlocation[0m[0m                 = "eastus"
      [32m+[0m [0m[1m[0mname[0m[0m                     = "pdhtest-pgsql-postgres_server-7749d6e71"
      [32m+[0m [0m[1m[0mnetwork_interface[0m[0m        = (known after apply)
      [32m+[0m [0m[1m[0mprivate_dns_zone_configs[0m[0m = (known after apply)
      [32m+[0m [0m[1m[0mresource_group_name[0m[0m      = "prime-data-hub-test"
      [32m+[0m [0m[1m[0msubnet_id[0m[0m                = "/subscriptions/7d1e3999-6577-4cd5-b296-f518e5c8e677/resourceGroups/prime-data-hub-test/providers/Microsoft.Network/virtualNetworks/pdhtest-vnet/subnets/endpoint"

      [32m+[0m [0mprivate_service_connection {
          [32m+[0m [0m[1m[0mis_manual_connection[0m[0m           = false
          [32m+[0m [0m[1m[0mname[0m[0m                           = "pdhtest-pgsql-postgres_server-7749d6e71"
          [32m+[0m [0m[1m[0mprivate_connection_resource_id[0m[0m = (known after apply)
          [32m+[0m [0m[1m[0mprivate_ip_address[0m[0m             = (known after apply)
          [32m+[0m [0m[1m[0msubresource_names[0m[0m              = [
              [32m+[0m [0m"postgresqlServer",
            ]
        }
    }

[1m  # module.database.module.postgres_private_endpoint.azurerm_private_endpoint.endpoint[3][0m will be created[0m[0m
[0m  [32m+[0m[0m resource "azurerm_private_endpoint" "endpoint" {
      [32m+[0m [0m[1m[0mcustom_dns_configs[0m[0m       = (known after apply)
      [32m+[0m [0m[1m[0mid[0m[0m                       = (known after apply)
      [32m+[0m [0m[1m[0mlocation[0m[0m                 = "eastus"
      [32m+[0m [0m[1m[0mname[0m[0m                     = "pdhtest-pgsql-postgres_server-30872365e"
      [32m+[0m [0m[1m[0mnetwork_interface[0m[0m        = (known after apply)
      [32m+[0m [0m[1m[0mprivate_dns_zone_configs[0m[0m = (known after apply)
      [32m+[0m [0m[1m[0mresource_group_name[0m[0m      = "prime-data-hub-test"
      [32m+[0m [0m[1m[0msubnet_id[0m[0m                = "/subscriptions/7d1e3999-6577-4cd5-b296-f518e5c8e677/resourceGroups/prime-data-hub-test/providers/Microsoft.Network/virtualNetworks/pdhtest-vnet-peer/subnets/endpoint"

      [32m+[0m [0mprivate_service_connection {
          [32m+[0m [0m[1m[0mis_manual_connection[0m[0m           = false
          [32m+[0m [0m[1m[0mname[0m[0m                           = "pdhtest-pgsql-postgres_server-30872365e"
          [32m+[0m [0m[1m[0mprivate_connection_resource_id[0m[0m = (known after apply)
          [32m+[0m [0m[1m[0mprivate_ip_address[0m[0m             = (known after apply)
          [32m+[0m [0m[1m[0msubresource_names[0m[0m              = [
              [32m+[0m [0m"postgresqlServer",
            ]
        }
    }

[1m  # module.key_vault.module.app_config_private_endpoint.azurerm_private_endpoint.endpoint[0][0m will be created[0m[0m
[0m  [32m+[0m[0m resource "azurerm_private_endpoint" "endpoint" {
      [32m+[0m [0m[1m[0mcustom_dns_configs[0m[0m       = (known after apply)
      [32m+[0m [0m[1m[0mid[0m[0m                       = (known after apply)
      [32m+[0m [0m[1m[0mlocation[0m[0m                 = "eastus"
      [32m+[0m [0m[1m[0mname[0m[0m                     = "pdhtest-appconfig-key_vault-62a16f52a"
      [32m+[0m [0m[1m[0mnetwork_interface[0m[0m        = (known after apply)
      [32m+[0m [0m[1m[0mprivate_dns_zone_configs[0m[0m = (known after apply)
      [32m+[0m [0m[1m[0mresource_group_name[0m[0m      = "prime-data-hub-test"
      [32m+[0m [0m[1m[0msubnet_id[0m[0m                = "/subscriptions/7d1e3999-6577-4cd5-b296-f518e5c8e677/resourceGroups/prime-data-hub-test/providers/Microsoft.Network/virtualNetworks/pdhtest-East-vnet/subnets/endpoint"

      [32m+[0m [0mprivate_service_connection {
          [32m+[0m [0m[1m[0mis_manual_connection[0m[0m           = false
          [32m+[0m [0m[1m[0mname[0m[0m                           = "pdhtest-appconfig-key_vault-62a16f52a"
          [32m+[0m [0m[1m[0mprivate_connection_resource_id[0m[0m = "/subscriptions/7d1e3999-6577-4cd5-b296-f518e5c8e677/resourceGroups/prime-data-hub-test/providers/Microsoft.KeyVault/vaults/pdhtest-appconfig"
          [32m+[0m [0m[1m[0mprivate_ip_address[0m[0m             = (known after apply)
          [32m+[0m [0m[1m[0msubresource_names[0m[0m              = [
              [32m+[0m [0m"Vault",
            ]
        }
    }

[1m  # module.key_vault.module.app_config_private_endpoint.azurerm_private_endpoint.endpoint[1][0m will be created[0m[0m
[0m  [32m+[0m[0m resource "azurerm_private_endpoint" "endpoint" {
      [32m+[0m [0m[1m[0mcustom_dns_configs[0m[0m       = (known after apply)
      [32m+[0m [0m[1m[0mid[0m[0m                       = (known after apply)
      [32m+[0m [0m[1m[0mlocation[0m[0m                 = "eastus"
      [32m+[0m [0m[1m[0mname[0m[0m                     = "pdhtest-appconfig-key_vault-f60f50c28"
      [32m+[0m [0m[1m[0mnetwork_interface[0m[0m        = (known after apply)
      [32m+[0m [0m[1m[0mprivate_dns_zone_configs[0m[0m = (known after apply)
      [32m+[0m [0m[1m[0mresource_group_name[0m[0m      = "prime-data-hub-test"
      [32m+[0m [0m[1m[0msubnet_id[0m[0m                = "/subscriptions/7d1e3999-6577-4cd5-b296-f518e5c8e677/resourceGroups/prime-data-hub-test/providers/Microsoft.Network/virtualNetworks/pdhtest-West-vnet/subnets/endpoint"

      [32m+[0m [0mprivate_service_connection {
          [32m+[0m [0m[1m[0mis_manual_connection[0m[0m           = false
          [32m+[0m [0m[1m[0mname[0m[0m                           = "pdhtest-appconfig-key_vault-f60f50c28"
          [32m+[0m [0m[1m[0mprivate_connection_resource_id[0m[0m = "/subscriptions/7d1e3999-6577-4cd5-b296-f518e5c8e677/resourceGroups/prime-data-hub-test/providers/Microsoft.KeyVault/vaults/pdhtest-appconfig"
          [32m+[0m [0m[1m[0mprivate_ip_address[0m[0m             = (known after apply)
          [32m+[0m [0m[1m[0msubresource_names[0m[0m              = [
              [32m+[0m [0m"Vault",
            ]
        }
    }

[1m  # module.key_vault.module.app_config_private_endpoint.azurerm_private_endpoint.endpoint[2][0m will be created[0m[0m
[0m  [32m+[0m[0m resource "azurerm_private_endpoint" "endpoint" {
      [32m+[0m [0m[1m[0mcustom_dns_configs[0m[0m       = (known after apply)
      [32m+[0m [0m[1m[0mid[0m[0m                       = (known after apply)
      [32m+[0m [0m[1m[0mlocation[0m[0m                 = "eastus"
      [32m+[0m [0m[1m[0mname[0m[0m                     = "pdhtest-appconfig-key_vault-7749d6e71"
      [32m+[0m [0m[1m[0mnetwork_interface[0m[0m        = (known after apply)
      [32m+[0m [0m[1m[0mprivate_dns_zone_configs[0m[0m = (known after apply)
      [32m+[0m [0m[1m[0mresource_group_name[0m[0m      = "prime-data-hub-test"
      [32m+[0m [0m[1m[0msubnet_id[0m[0m                = "/subscriptions/7d1e3999-6577-4cd5-b296-f518e5c8e677/resourceGroups/prime-data-hub-test/providers/Microsoft.Network/virtualNetworks/pdhtest-vnet/subnets/endpoint"

      [32m+[0m [0mprivate_service_connection {
          [32m+[0m [0m[1m[0mis_manual_connection[0m[0m           = false
          [32m+[0m [0m[1m[0mname[0m[0m                           = "pdhtest-appconfig-key_vault-7749d6e71"
          [32m+[0m [0m[1m[0mprivate_connection_resource_id[0m[0m = "/subscriptions/7d1e3999-6577-4cd5-b296-f518e5c8e677/resourceGroups/prime-data-hub-test/providers/Microsoft.KeyVault/vaults/pdhtest-appconfig"
          [32m+[0m [0m[1m[0mprivate_ip_address[0m[0m             = (known after apply)
          [32m+[0m [0m[1m[0msubresource_names[0m[0m              = [
              [32m+[0m [0m"Vault",
            ]
        }
    }

[1m  # module.key_vault.module.app_config_private_endpoint.azurerm_private_endpoint.endpoint[3][0m will be created[0m[0m
[0m  [32m+[0m[0m resource "azurerm_private_endpoint" "endpoint" {
      [32m+[0m [0m[1m[0mcustom_dns_configs[0m[0m       = (known after apply)
      [32m+[0m [0m[1m[0mid[0m[0m                       = (known after apply)
      [32m+[0m [0m[1m[0mlocation[0m[0m                 = "eastus"
      [32m+[0m [0m[1m[0mname[0m[0m                     = "pdhtest-appconfig-key_vault-30872365e"
      [32m+[0m [0m[1m[0mnetwork_interface[0m[0m        = (known after apply)
      [32m+[0m [0m[1m[0mprivate_dns_zone_configs[0m[0m = (known after apply)
      [32m+[0m [0m[1m[0mresource_group_name[0m[0m      = "prime-data-hub-test"
      [32m+[0m [0m[1m[0msubnet_id[0m[0m                = "/subscriptions/7d1e3999-6577-4cd5-b296-f518e5c8e677/resourceGroups/prime-data-hub-test/providers/Microsoft.Network/virtualNetworks/pdhtest-vnet-peer/subnets/endpoint"

      [32m+[0m [0mprivate_service_connection {
          [32m+[0m [0m[1m[0mis_manual_connection[0m[0m           = false
          [32m+[0m [0m[1m[0mname[0m[0m                           = "pdhtest-appconfig-key_vault-30872365e"
          [32m+[0m [0m[1m[0mprivate_connection_resource_id[0m[0m = "/subscriptions/7d1e3999-6577-4cd5-b296-f518e5c8e677/resourceGroups/prime-data-hub-test/providers/Microsoft.KeyVault/vaults/pdhtest-appconfig"
          [32m+[0m [0m[1m[0mprivate_ip_address[0m[0m             = (known after apply)
          [32m+[0m [0m[1m[0msubresource_names[0m[0m              = [
              [32m+[0m [0m"Vault",
            ]
        }
    }

[1m  # module.key_vault.module.application_private_endpoint.azurerm_private_endpoint.endpoint[0][0m will be created[0m[0m
[0m  [32m+[0m[0m resource "azurerm_private_endpoint" "endpoint" {
      [32m+[0m [0m[1m[0mcustom_dns_configs[0m[0m       = (known after apply)
      [32m+[0m [0m[1m[0mid[0m[0m                       = (known after apply)
      [32m+[0m [0m[1m[0mlocation[0m[0m                 = "eastus"
      [32m+[0m [0m[1m[0mname[0m[0m                     = "pdhtest-keyvault-key_vault-62a16f52a"
      [32m+[0m [0m[1m[0mnetwork_interface[0m[0m        = (known after apply)
      [32m+[0m [0m[1m[0mprivate_dns_zone_configs[0m[0m = (known after apply)
      [32m+[0m [0m[1m[0mresource_group_name[0m[0m      = "prime-data-hub-test"
      [32m+[0m [0m[1m[0msubnet_id[0m[0m                = "/subscriptions/7d1e3999-6577-4cd5-b296-f518e5c8e677/resourceGroups/prime-data-hub-test/providers/Microsoft.Network/virtualNetworks/pdhtest-East-vnet/subnets/endpoint"

      [32m+[0m [0mprivate_service_connection {
          [32m+[0m [0m[1m[0mis_manual_connection[0m[0m           = false
          [32m+[0m [0m[1m[0mname[0m[0m                           = "pdhtest-keyvault-key_vault-62a16f52a"
          [32m+[0m [0m[1m[0mprivate_connection_resource_id[0m[0m = "/subscriptions/7d1e3999-6577-4cd5-b296-f518e5c8e677/resourceGroups/prime-data-hub-test/providers/Microsoft.KeyVault/vaults/pdhtest-keyvault"
          [32m+[0m [0m[1m[0mprivate_ip_address[0m[0m             = (known after apply)
          [32m+[0m [0m[1m[0msubresource_names[0m[0m              = [
              [32m+[0m [0m"Vault",
            ]
        }
    }

[1m  # module.key_vault.module.client_config_private_endpoint.azurerm_private_endpoint.endpoint[0][0m will be created[0m[0m
[0m  [32m+[0m[0m resource "azurerm_private_endpoint" "endpoint" {
      [32m+[0m [0m[1m[0mcustom_dns_configs[0m[0m       = (known after apply)
      [32m+[0m [0m[1m[0mid[0m[0m                       = (known after apply)
      [32m+[0m [0m[1m[0mlocation[0m[0m                 = "eastus"
      [32m+[0m [0m[1m[0mname[0m[0m                     = "pdhtest-clientconfig-key_vault-62a16f52a"
      [32m+[0m [0m[1m[0mnetwork_interface[0m[0m        = (known after apply)
      [32m+[0m [0m[1m[0mprivate_dns_zone_configs[0m[0m = (known after apply)
      [32m+[0m [0m[1m[0mresource_group_name[0m[0m      = "prime-data-hub-test"
      [32m+[0m [0m[1m[0msubnet_id[0m[0m                = "/subscriptions/7d1e3999-6577-4cd5-b296-f518e5c8e677/resourceGroups/prime-data-hub-test/providers/Microsoft.Network/virtualNetworks/pdhtest-East-vnet/subnets/endpoint"

      [32m+[0m [0mprivate_service_connection {
          [32m+[0m [0m[1m[0mis_manual_connection[0m[0m           = false
          [32m+[0m [0m[1m[0mname[0m[0m                           = "pdhtest-clientconfig-key_vault-62a16f52a"
          [32m+[0m [0m[1m[0mprivate_connection_resource_id[0m[0m = "/subscriptions/7d1e3999-6577-4cd5-b296-f518e5c8e677/resourceGroups/prime-data-hub-test/providers/Microsoft.KeyVault/vaults/pdhtest-clientconfig"
          [32m+[0m [0m[1m[0mprivate_ip_address[0m[0m             = (known after apply)
          [32m+[0m [0m[1m[0msubresource_names[0m[0m              = [
              [32m+[0m [0m"Vault",
            ]
        }
    }

[1m  # module.key_vault.module.client_config_private_endpoint.azurerm_private_endpoint.endpoint[1][0m will be created[0m[0m
[0m  [32m+[0m[0m resource "azurerm_private_endpoint" "endpoint" {
      [32m+[0m [0m[1m[0mcustom_dns_configs[0m[0m       = (known after apply)
      [32m+[0m [0m[1m[0mid[0m[0m                       = (known after apply)
      [32m+[0m [0m[1m[0mlocation[0m[0m                 = "eastus"
      [32m+[0m [0m[1m[0mname[0m[0m                     = "pdhtest-clientconfig-key_vault-f60f50c28"
      [32m+[0m [0m[1m[0mnetwork_interface[0m[0m        = (known after apply)
      [32m+[0m [0m[1m[0mprivate_dns_zone_configs[0m[0m = (known after apply)
      [32m+[0m [0m[1m[0mresource_group_name[0m[0m      = "prime-data-hub-test"
      [32m+[0m [0m[1m[0msubnet_id[0m[0m                = "/subscriptions/7d1e3999-6577-4cd5-b296-f518e5c8e677/resourceGroups/prime-data-hub-test/providers/Microsoft.Network/virtualNetworks/pdhtest-West-vnet/subnets/endpoint"

      [32m+[0m [0mprivate_service_connection {
          [32m+[0m [0m[1m[0mis_manual_connection[0m[0m           = false
          [32m+[0m [0m[1m[0mname[0m[0m                           = "pdhtest-clientconfig-key_vault-f60f50c28"
          [32m+[0m [0m[1m[0mprivate_connection_resource_id[0m[0m = "/subscriptions/7d1e3999-6577-4cd5-b296-f518e5c8e677/resourceGroups/prime-data-hub-test/providers/Microsoft.KeyVault/vaults/pdhtest-clientconfig"
          [32m+[0m [0m[1m[0mprivate_ip_address[0m[0m             = (known after apply)
          [32m+[0m [0m[1m[0msubresource_names[0m[0m              = [
              [32m+[0m [0m"Vault",
            ]
        }
    }

[1m  # module.key_vault.module.client_config_private_endpoint.azurerm_private_endpoint.endpoint[2][0m will be created[0m[0m
[0m  [32m+[0m[0m resource "azurerm_private_endpoint" "endpoint" {
      [32m+[0m [0m[1m[0mcustom_dns_configs[0m[0m       = (known after apply)
      [32m+[0m [0m[1m[0mid[0m[0m                       = (known after apply)
      [32m+[0m [0m[1m[0mlocation[0m[0m                 = "eastus"
      [32m+[0m [0m[1m[0mname[0m[0m                     = "pdhtest-clientconfig-key_vault-7749d6e71"
      [32m+[0m [0m[1m[0mnetwork_interface[0m[0m        = (known after apply)
      [32m+[0m [0m[1m[0mprivate_dns_zone_configs[0m[0m = (known after apply)
      [32m+[0m [0m[1m[0mresource_group_name[0m[0m      = "prime-data-hub-test"
      [32m+[0m [0m[1m[0msubnet_id[0m[0m                = "/subscriptions/7d1e3999-6577-4cd5-b296-f518e5c8e677/resourceGroups/prime-data-hub-test/providers/Microsoft.Network/virtualNetworks/pdhtest-vnet/subnets/endpoint"

      [32m+[0m [0mprivate_service_connection {
          [32m+[0m [0m[1m[0mis_manual_connection[0m[0m           = false
          [32m+[0m [0m[1m[0mname[0m[0m                           = "pdhtest-clientconfig-key_vault-7749d6e71"
          [32m+[0m [0m[1m[0mprivate_connection_resource_id[0m[0m = "/subscriptions/7d1e3999-6577-4cd5-b296-f518e5c8e677/resourceGroups/prime-data-hub-test/providers/Microsoft.KeyVault/vaults/pdhtest-clientconfig"
          [32m+[0m [0m[1m[0mprivate_ip_address[0m[0m             = (known after apply)
          [32m+[0m [0m[1m[0msubresource_names[0m[0m              = [
              [32m+[0m [0m"Vault",
            ]
        }
    }

[1m  # module.key_vault.module.client_config_private_endpoint.azurerm_private_endpoint.endpoint[3][0m will be created[0m[0m
[0m  [32m+[0m[0m resource "azurerm_private_endpoint" "endpoint" {
      [32m+[0m [0m[1m[0mcustom_dns_configs[0m[0m       = (known after apply)
      [32m+[0m [0m[1m[0mid[0m[0m                       = (known after apply)
      [32m+[0m [0m[1m[0mlocation[0m[0m                 = "eastus"
      [32m+[0m [0m[1m[0mname[0m[0m                     = "pdhtest-clientconfig-key_vault-30872365e"
      [32m+[0m [0m[1m[0mnetwork_interface[0m[0m        = (known after apply)
      [32m+[0m [0m[1m[0mprivate_dns_zone_configs[0m[0m = (known after apply)
      [32m+[0m [0m[1m[0mresource_group_name[0m[0m      = "prime-data-hub-test"
      [32m+[0m [0m[1m[0msubnet_id[0m[0m                = "/subscriptions/7d1e3999-6577-4cd5-b296-f518e5c8e677/resourceGroups/prime-data-hub-test/providers/Microsoft.Network/virtualNetworks/pdhtest-vnet-peer/subnets/endpoint"

      [32m+[0m [0mprivate_service_connection {
          [32m+[0m [0m[1m[0mis_manual_connection[0m[0m           = false
          [32m+[0m [0m[1m[0mname[0m[0m                           = "pdhtest-clientconfig-key_vault-30872365e"
          [32m+[0m [0m[1m[0mprivate_connection_resource_id[0m[0m = "/subscriptions/7d1e3999-6577-4cd5-b296-f518e5c8e677/resourceGroups/prime-data-hub-test/providers/Microsoft.KeyVault/vaults/pdhtest-clientconfig"
          [32m+[0m [0m[1m[0mprivate_ip_address[0m[0m             = (known after apply)
          [32m+[0m [0m[1m[0msubresource_names[0m[0m              = [
              [32m+[0m [0m"Vault",
            ]
        }
    }

[0m[1mPlan:[0m 20 to add, 7 to change, 4 to destroy.
[0m[90m
─────────────────────────────────────────────────────────────────────────────[0m

Note: You didn't use the -out option to save this plan, so Terraform can't
guarantee to take exactly these actions if you run "terraform apply" now.
